// !$*UTF8*$!
{
	archiveVersion = 1;
	classes = {
	};
	objectVersion = 50;
	objects = {

/* Begin PBXBuildFile section */
		4F8CCCE421C8CF5F006100A4 /* AppDelegate.m in Sources */ = {isa = PBXBuildFile; fileRef = 4F8CCCE321C8CF5F006100A4 /* AppDelegate.m */; };
		4F8CCCE721C8CF5F006100A4 /* ViewController.m in Sources */ = {isa = PBXBuildFile; fileRef = 4F8CCCE621C8CF5F006100A4 /* ViewController.m */; };
		4F8CCCEA21C8CF5F006100A4 /* Main.storyboard in Resources */ = {isa = PBXBuildFile; fileRef = 4F8CCCE821C8CF5F006100A4 /* Main.storyboard */; };
		4F8CCCEC21C8CF61006100A4 /* Assets.xcassets in Resources */ = {isa = PBXBuildFile; fileRef = 4F8CCCEB21C8CF61006100A4 /* Assets.xcassets */; };
		4F8CCCEF21C8CF61006100A4 /* LaunchScreen.storyboard in Resources */ = {isa = PBXBuildFile; fileRef = 4F8CCCED21C8CF61006100A4 /* LaunchScreen.storyboard */; };
		4F8CCCF221C8CF61006100A4 /* main.m in Sources */ = {isa = PBXBuildFile; fileRef = 4F8CCCF121C8CF61006100A4 /* main.m */; };
		4F8CCCFC21C8CF61006100A4 /* AutoLayoutTests.m in Sources */ = {isa = PBXBuildFile; fileRef = 4F8CCCFB21C8CF61006100A4 /* AutoLayoutTests.m */; };
		4F8CCD0721C8CF61006100A4 /* AutoLayoutUITests.m in Sources */ = {isa = PBXBuildFile; fileRef = 4F8CCD0621C8CF61006100A4 /* AutoLayoutUITests.m */; };
/* End PBXBuildFile section */

/* Begin PBXContainerItemProxy section */
		4F8CCCF821C8CF61006100A4 /* PBXContainerItemProxy */ = {
			isa = PBXContainerItemProxy;
			containerPortal = 4F8CCCD721C8CF5F006100A4 /* Project object */;
			proxyType = 1;
			remoteGlobalIDString = 4F8CCCDE21C8CF5F006100A4;
			remoteInfo = AutoLayout;
		};
		4F8CCD0321C8CF61006100A4 /* PBXContainerItemProxy */ = {
			isa = PBXContainerItemProxy;
			containerPortal = 4F8CCCD721C8CF5F006100A4 /* Project object */;
			proxyType = 1;
			remoteGlobalIDString = 4F8CCCDE21C8CF5F006100A4;
			remoteInfo = AutoLayout;
		};
/* End PBXContainerItemProxy section */

/* Begin PBXFileReference section */
		4F8CCCDF21C8CF5F006100A4 /* AutoLayout.app */ = {isa = PBXFileReference; explicitFileType = wrapper.application; includeInIndex = 0; path = AutoLayout.app; sourceTree = BUILT_PRODUCTS_DIR; };
		4F8CCCE221C8CF5F006100A4 /* AppDelegate.h */ = {isa = PBXFileReference; lastKnownFileType = sourcecode.c.h; path = AppDelegate.h; sourceTree = "<group>"; };
		4F8CCCE321C8CF5F006100A4 /* AppDelegate.m */ = {isa = PBXFileReference; lastKnownFileType = sourcecode.c.objc; path = AppDelegate.m; sourceTree = "<group>"; };
		4F8CCCE521C8CF5F006100A4 /* ViewController.h */ = {isa = PBXFileReference; lastKnownFileType = sourcecode.c.h; path = ViewController.h; sourceTree = "<group>"; };
		4F8CCCE621C8CF5F006100A4 /* ViewController.m */ = {isa = PBXFileReference; lastKnownFileType = sourcecode.c.objc; path = ViewController.m; sourceTree = "<group>"; };
		4F8CCCE921C8CF5F006100A4 /* Base */ = {isa = PBXFileReference; lastKnownFileType = file.storyboard; name = Base; path = Base.lproj/Main.storyboard; sourceTree = "<group>"; };
		4F8CCCEB21C8CF61006100A4 /* Assets.xcassets */ = {isa = PBXFileReference; lastKnownFileType = folder.assetcatalog; path = Assets.xcassets; sourceTree = "<group>"; };
		4F8CCCEE21C8CF61006100A4 /* Base */ = {isa = PBXFileReference; lastKnownFileType = file.storyboard; name = Base; path = Base.lproj/LaunchScreen.storyboard; sourceTree = "<group>"; };
		4F8CCCF021C8CF61006100A4 /* Info.plist */ = {isa = PBXFileReference; lastKnownFileType = text.plist.xml; path = Info.plist; sourceTree = "<group>"; };
		4F8CCCF121C8CF61006100A4 /* main.m */ = {isa = PBXFileReference; lastKnownFileType = sourcecode.c.objc; path = main.m; sourceTree = "<group>"; };
		4F8CCCF721C8CF61006100A4 /* AutoLayoutTests.xctest */ = {isa = PBXFileReference; explicitFileType = wrapper.cfbundle; includeInIndex = 0; path = AutoLayoutTests.xctest; sourceTree = BUILT_PRODUCTS_DIR; };
		4F8CCCFB21C8CF61006100A4 /* AutoLayoutTests.m */ = {isa = PBXFileReference; lastKnownFileType = sourcecode.c.objc; path = AutoLayoutTests.m; sourceTree = "<group>"; };
		4F8CCCFD21C8CF61006100A4 /* Info.plist */ = {isa = PBXFileReference; lastKnownFileType = text.plist.xml; path = Info.plist; sourceTree = "<group>"; };
		4F8CCD0221C8CF61006100A4 /* AutoLayoutUITests.xctest */ = {isa = PBXFileReference; explicitFileType = wrapper.cfbundle; includeInIndex = 0; path = AutoLayoutUITests.xctest; sourceTree = BUILT_PRODUCTS_DIR; };
		4F8CCD0621C8CF61006100A4 /* AutoLayoutUITests.m */ = {isa = PBXFileReference; lastKnownFileType = sourcecode.c.objc; path = AutoLayoutUITests.m; sourceTree = "<group>"; };
		4F8CCD0821C8CF61006100A4 /* Info.plist */ = {isa = PBXFileReference; lastKnownFileType = text.plist.xml; path = Info.plist; sourceTree = "<group>"; };
/* End PBXFileReference section */

/* Begin PBXFrameworksBuildPhase section */
		4F8CCCDC21C8CF5F006100A4 /* Frameworks */ = {
			isa = PBXFrameworksBuildPhase;
			buildActionMask = 2147483647;
			files = (
			);
			runOnlyForDeploymentPostprocessing = 0;
		};
		4F8CCCF421C8CF61006100A4 /* Frameworks */ = {
			isa = PBXFrameworksBuildPhase;
			buildActionMask = 2147483647;
			files = (
			);
			runOnlyForDeploymentPostprocessing = 0;
		};
		4F8CCCFF21C8CF61006100A4 /* Frameworks */ = {
			isa = PBXFrameworksBuildPhase;
			buildActionMask = 2147483647;
			files = (
			);
			runOnlyForDeploymentPostprocessing = 0;
		};
/* End PBXFrameworksBuildPhase section */

/* Begin PBXGroup section */
		4F8CCCD621C8CF5F006100A4 = {
			isa = PBXGroup;
			children = (
				4F8CCCE121C8CF5F006100A4 /* AutoLayout */,
				4F8CCCFA21C8CF61006100A4 /* AutoLayoutTests */,
				4F8CCD0521C8CF61006100A4 /* AutoLayoutUITests */,
				4F8CCCE021C8CF5F006100A4 /* Products */,
			);
			sourceTree = "<group>";
		};
		4F8CCCE021C8CF5F006100A4 /* Products */ = {
			isa = PBXGroup;
			children = (
				4F8CCCDF21C8CF5F006100A4 /* AutoLayout.app */,
				4F8CCCF721C8CF61006100A4 /* AutoLayoutTests.xctest */,
				4F8CCD0221C8CF61006100A4 /* AutoLayoutUITests.xctest */,
			);
			name = Products;
			sourceTree = "<group>";
		};
		4F8CCCE121C8CF5F006100A4 /* AutoLayout */ = {
			isa = PBXGroup;
			children = (
				4F8CCCE221C8CF5F006100A4 /* AppDelegate.h */,
				4F8CCCE321C8CF5F006100A4 /* AppDelegate.m */,
				4F8CCCE521C8CF5F006100A4 /* ViewController.h */,
				4F8CCCE621C8CF5F006100A4 /* ViewController.m */,
				4F8CCCE821C8CF5F006100A4 /* Main.storyboard */,
				4F8CCCEB21C8CF61006100A4 /* Assets.xcassets */,
				4F8CCCED21C8CF61006100A4 /* LaunchScreen.storyboard */,
				4F8CCCF021C8CF61006100A4 /* Info.plist */,
				4F8CCCF121C8CF61006100A4 /* main.m */,
			);
			path = AutoLayout;
			sourceTree = "<group>";
		};
		4F8CCCFA21C8CF61006100A4 /* AutoLayoutTests */ = {
			isa = PBXGroup;
			children = (
				4F8CCCFB21C8CF61006100A4 /* AutoLayoutTests.m */,
				4F8CCCFD21C8CF61006100A4 /* Info.plist */,
			);
			path = AutoLayoutTests;
			sourceTree = "<group>";
		};
		4F8CCD0521C8CF61006100A4 /* AutoLayoutUITests */ = {
			isa = PBXGroup;
			children = (
				4F8CCD0621C8CF61006100A4 /* AutoLayoutUITests.m */,
				4F8CCD0821C8CF61006100A4 /* Info.plist */,
			);
			path = AutoLayoutUITests;
			sourceTree = "<group>";
		};
/* End PBXGroup section */

/* Begin PBXNativeTarget section */
		4F8CCCDE21C8CF5F006100A4 /* AutoLayout */ = {
			isa = PBXNativeTarget;
			buildConfigurationList = 4F8CCD0B21C8CF62006100A4 /* Build configuration list for PBXNativeTarget "AutoLayout" */;
			buildPhases = (
				4F8CCCDB21C8CF5F006100A4 /* Sources */,
				4F8CCCDC21C8CF5F006100A4 /* Frameworks */,
				4F8CCCDD21C8CF5F006100A4 /* Resources */,
			);
			buildRules = (
			);
			dependencies = (
			);
			name = AutoLayout;
			productName = AutoLayout;
			productReference = 4F8CCCDF21C8CF5F006100A4 /* AutoLayout.app */;
			productType = "com.apple.product-type.application";
		};
		4F8CCCF621C8CF61006100A4 /* AutoLayoutTests */ = {
			isa = PBXNativeTarget;
			buildConfigurationList = 4F8CCD0E21C8CF62006100A4 /* Build configuration list for PBXNativeTarget "AutoLayoutTests" */;
			buildPhases = (
				4F8CCCF321C8CF61006100A4 /* Sources */,
				4F8CCCF421C8CF61006100A4 /* Frameworks */,
				4F8CCCF521C8CF61006100A4 /* Resources */,
			);
			buildRules = (
			);
			dependencies = (
				4F8CCCF921C8CF61006100A4 /* PBXTargetDependency */,
			);
			name = AutoLayoutTests;
			productName = AutoLayoutTests;
			productReference = 4F8CCCF721C8CF61006100A4 /* AutoLayoutTests.xctest */;
			productType = "com.apple.product-type.bundle.unit-test";
		};
		4F8CCD0121C8CF61006100A4 /* AutoLayoutUITests */ = {
			isa = PBXNativeTarget;
			buildConfigurationList = 4F8CCD1121C8CF62006100A4 /* Build configuration list for PBXNativeTarget "AutoLayoutUITests" */;
			buildPhases = (
				4F8CCCFE21C8CF61006100A4 /* Sources */,
				4F8CCCFF21C8CF61006100A4 /* Frameworks */,
				4F8CCD0021C8CF61006100A4 /* Resources */,
			);
			buildRules = (
			);
			dependencies = (
				4F8CCD0421C8CF61006100A4 /* PBXTargetDependency */,
			);
			name = AutoLayoutUITests;
			productName = AutoLayoutUITests;
			productReference = 4F8CCD0221C8CF61006100A4 /* AutoLayoutUITests.xctest */;
			productType = "com.apple.product-type.bundle.ui-testing";
		};
/* End PBXNativeTarget section */

/* Begin PBXProject section */
		4F8CCCD721C8CF5F006100A4 /* Project object */ = {
			isa = PBXProject;
			attributes = {
				LastUpgradeCheck = 1010;
				ORGANIZATIONNAME = "liu kai";
				TargetAttributes = {
					4F8CCCDE21C8CF5F006100A4 = {
						CreatedOnToolsVersion = 10.1;
					};
					4F8CCCF621C8CF61006100A4 = {
						CreatedOnToolsVersion = 10.1;
						TestTargetID = 4F8CCCDE21C8CF5F006100A4;
					};
					4F8CCD0121C8CF61006100A4 = {
						CreatedOnToolsVersion = 10.1;
						TestTargetID = 4F8CCCDE21C8CF5F006100A4;
					};
				};
			};
			buildConfigurationList = 4F8CCCDA21C8CF5F006100A4 /* Build configuration list for PBXProject "AutoLayout" */;
			compatibilityVersion = "Xcode 9.3";
			developmentRegion = en;
			hasScannedForEncodings = 0;
			knownRegions = (
				en,
				Base,
			);
			mainGroup = 4F8CCCD621C8CF5F006100A4;
			productRefGroup = 4F8CCCE021C8CF5F006100A4 /* Products */;
			projectDirPath = "";
			projectRoot = "";
			targets = (
				4F8CCCDE21C8CF5F006100A4 /* AutoLayout */,
				4F8CCCF621C8CF61006100A4 /* AutoLayoutTests */,
				4F8CCD0121C8CF61006100A4 /* AutoLayoutUITests */,
			);
		};
/* End PBXProject section */

/* Begin PBXResourcesBuildPhase section */
		4F8CCCDD21C8CF5F006100A4 /* Resources */ = {
			isa = PBXResourcesBuildPhase;
			buildActionMask = 2147483647;
			files = (
				4F8CCCEF21C8CF61006100A4 /* LaunchScreen.storyboard in Resources */,
				4F8CCCEC21C8CF61006100A4 /* Assets.xcassets in Resources */,
				4F8CCCEA21C8CF5F006100A4 /* Main.storyboard in Resources */,
			);
			runOnlyForDeploymentPostprocessing = 0;
		};
		4F8CCCF521C8CF61006100A4 /* Resources */ = {
			isa = PBXResourcesBuildPhase;
			buildActionMask = 2147483647;
			files = (
			);
			runOnlyForDeploymentPostprocessing = 0;
		};
		4F8CCD0021C8CF61006100A4 /* Resources */ = {
			isa = PBXResourcesBuildPhase;
			buildActionMask = 2147483647;
			files = (
			);
			runOnlyForDeploymentPostprocessing = 0;
		};
/* End PBXResourcesBuildPhase section */

/* Begin PBXSourcesBuildPhase section */
		4F8CCCDB21C8CF5F006100A4 /* Sources */ = {
			isa = PBXSourcesBuildPhase;
			buildActionMask = 2147483647;
			files = (
				4F8CCCE721C8CF5F006100A4 /* ViewController.m in Sources */,
				4F8CCCF221C8CF61006100A4 /* main.m in Sources */,
				4F8CCCE421C8CF5F006100A4 /* AppDelegate.m in Sources */,
			);
			runOnlyForDeploymentPostprocessing = 0;
		};
		4F8CCCF321C8CF61006100A4 /* Sources */ = {
			isa = PBXSourcesBuildPhase;
			buildActionMask = 2147483647;
			files = (
				4F8CCCFC21C8CF61006100A4 /* AutoLayoutTests.m in Sources */,
			);
			runOnlyForDeploymentPostprocessing = 0;
		};
		4F8CCCFE21C8CF61006100A4 /* Sources */ = {
			isa = PBXSourcesBuildPhase;
			buildActionMask = 2147483647;
			files = (
				4F8CCD0721C8CF61006100A4 /* AutoLayoutUITests.m in Sources */,
			);
			runOnlyForDeploymentPostprocessing = 0;
		};
/* End PBXSourcesBuildPhase section */

/* Begin PBXTargetDependency section */
		4F8CCCF921C8CF61006100A4 /* PBXTargetDependency */ = {
			isa = PBXTargetDependency;
			target = 4F8CCCDE21C8CF5F006100A4 /* AutoLayout */;
			targetProxy = 4F8CCCF821C8CF61006100A4 /* PBXContainerItemProxy */;
		};
		4F8CCD0421C8CF61006100A4 /* PBXTargetDependency */ = {
			isa = PBXTargetDependency;
			target = 4F8CCCDE21C8CF5F006100A4 /* AutoLayout */;
			targetProxy = 4F8CCD0321C8CF61006100A4 /* PBXContainerItemProxy */;
		};
/* End PBXTargetDependency section */

/* Begin PBXVariantGroup section */
		4F8CCCE821C8CF5F006100A4 /* Main.storyboard */ = {
			isa = PBXVariantGroup;
			children = (
				4F8CCCE921C8CF5F006100A4 /* Base */,
			);
			name = Main.storyboard;
			sourceTree = "<group>";
		};
		4F8CCCED21C8CF61006100A4 /* LaunchScreen.storyboard */ = {
			isa = PBXVariantGroup;
			children = (
				4F8CCCEE21C8CF61006100A4 /* Base */,
			);
			name = LaunchScreen.storyboard;
			sourceTree = "<group>";
		};
/* End PBXVariantGroup section */

/* Begin XCBuildConfiguration section */
		4F8CCD0921C8CF61006100A4 /* Debug */ = {
			isa = XCBuildConfiguration;
			buildSettings = {
				ALWAYS_SEARCH_USER_PATHS = NO;
				CLANG_ANALYZER_NONNULL = YES;
				CLANG_ANALYZER_NUMBER_OBJECT_CONVERSION = YES_AGGRESSIVE;
				CLANG_CXX_LANGUAGE_STANDARD = "gnu++14";
				CLANG_CXX_LIBRARY = "libc++";
				CLANG_ENABLE_MODULES = YES;
				CLANG_ENABLE_OBJC_ARC = YES;
				CLANG_ENABLE_OBJC_WEAK = YES;
				CLANG_WARN_BLOCK_CAPTURE_AUTORELEASING = YES;
				CLANG_WARN_BOOL_CONVERSION = YES;
				CLANG_WARN_COMMA = YES;
				CLANG_WARN_CONSTANT_CONVERSION = YES;
				CLANG_WARN_DEPRECATED_OBJC_IMPLEMENTATIONS = YES;
				CLANG_WARN_DIRECT_OBJC_ISA_USAGE = YES_ERROR;
				CLANG_WARN_DOCUMENTATION_COMMENTS = YES;
				CLANG_WARN_EMPTY_BODY = YES;
				CLANG_WARN_ENUM_CONVERSION = YES;
				CLANG_WARN_INFINITE_RECURSION = YES;
				CLANG_WARN_INT_CONVERSION = YES;
				CLANG_WARN_NON_LITERAL_NULL_CONVERSION = YES;
				CLANG_WARN_OBJC_IMPLICIT_RETAIN_SELF = YES;
				CLANG_WARN_OBJC_LITERAL_CONVERSION = YES;
				CLANG_WARN_OBJC_ROOT_CLASS = YES_ERROR;
				CLANG_WARN_RANGE_LOOP_ANALYSIS = YES;
				CLANG_WARN_STRICT_PROTOTYPES = YES;
				CLANG_WARN_SUSPICIOUS_MOVE = YES;
				CLANG_WARN_UNGUARDED_AVAILABILITY = YES_AGGRESSIVE;
				CLANG_WARN_UNREACHABLE_CODE = YES;
				CLANG_WARN__DUPLICATE_METHOD_MATCH = YES;
				CODE_SIGN_IDENTITY = "iPhone Developer";
				COPY_PHASE_STRIP = NO;
				DEBUG_INFORMATION_FORMAT = dwarf;
				ENABLE_STRICT_OBJC_MSGSEND = YES;
				ENABLE_TESTABILITY = YES;
				GCC_C_LANGUAGE_STANDARD = gnu11;
				GCC_DYNAMIC_NO_PIC = NO;
				GCC_NO_COMMON_BLOCKS = YES;
				GCC_OPTIMIZATION_LEVEL = 0;
				GCC_PREPROCESSOR_DEFINITIONS = (
					"DEBUG=1",
					"$(inherited)",
				);
				GCC_WARN_64_TO_32_BIT_CONVERSION = YES;
				GCC_WARN_ABOUT_RETURN_TYPE = YES_ERROR;
				GCC_WARN_UNDECLARED_SELECTOR = YES;
				GCC_WARN_UNINITIALIZED_AUTOS = YES_AGGRESSIVE;
				GCC_WARN_UNUSED_FUNCTION = YES;
				GCC_WARN_UNUSED_VARIABLE = YES;
				IPHONEOS_DEPLOYMENT_TARGET = 12.1;
				MTL_ENABLE_DEBUG_INFO = INCLUDE_SOURCE;
				MTL_FAST_MATH = YES;
				ONLY_ACTIVE_ARCH = YES;
				SDKROOT = iphoneos;
			};
			name = Debug;
		};
		4F8CCD0A21C8CF61006100A4 /* Release */ = {
			isa = XCBuildConfiguration;
			buildSettings = {
				ALWAYS_SEARCH_USER_PATHS = NO;
				CLANG_ANALYZER_NONNULL = YES;
				CLANG_ANALYZER_NUMBER_OBJECT_CONVERSION = YES_AGGRESSIVE;
				CLANG_CXX_LANGUAGE_STANDARD = "gnu++14";
				CLANG_CXX_LIBRARY = "libc++";
				CLANG_ENABLE_MODULES = YES;
				CLANG_ENABLE_OBJC_ARC = YES;
				CLANG_ENABLE_OBJC_WEAK = YES;
				CLANG_WARN_BLOCK_CAPTURE_AUTORELEASING = YES;
				CLANG_WARN_BOOL_CONVERSION = YES;
				CLANG_WARN_COMMA = YES;
				CLANG_WARN_CONSTANT_CONVERSION = YES;
				CLANG_WARN_DEPRECATED_OBJC_IMPLEMENTATIONS = YES;
				CLANG_WARN_DIRECT_OBJC_ISA_USAGE = YES_ERROR;
				CLANG_WARN_DOCUMENTATION_COMMENTS = YES;
				CLANG_WARN_EMPTY_BODY = YES;
				CLANG_WARN_ENUM_CONVERSION = YES;
				CLANG_WARN_INFINITE_RECURSION = YES;
				CLANG_WARN_INT_CONVERSION = YES;
				CLANG_WARN_NON_LITERAL_NULL_CONVERSION = YES;
				CLANG_WARN_OBJC_IMPLICIT_RETAIN_SELF = YES;
				CLANG_WARN_OBJC_LITERAL_CONVERSION = YES;
				CLANG_WARN_OBJC_ROOT_CLASS = YES_ERROR;
				CLANG_WARN_RANGE_LOOP_ANALYSIS = YES;
				CLANG_WARN_STRICT_PROTOTYPES = YES;
				CLANG_WARN_SUSPICIOUS_MOVE = YES;
				CLANG_WARN_UNGUARDED_AVAILABILITY = YES_AGGRESSIVE;
				CLANG_WARN_UNREACHABLE_CODE = YES;
				CLANG_WARN__DUPLICATE_METHOD_MATCH = YES;
				CODE_SIGN_IDENTITY = "iPhone Developer";
				COPY_PHASE_STRIP = NO;
				DEBUG_INFORMATION_FORMAT = "dwarf-with-dsym";
				ENABLE_NS_ASSERTIONS = NO;
				ENABLE_STRICT_OBJC_MSGSEND = YES;
				GCC_C_LANGUAGE_STANDARD = gnu11;
				GCC_NO_COMMON_BLOCKS = YES;
				GCC_WARN_64_TO_32_BIT_CONVERSION = YES;
				GCC_WARN_ABOUT_RETURN_TYPE = YES_ERROR;
				GCC_WARN_UNDECLARED_SELECTOR = YES;
				GCC_WARN_UNINITIALIZED_AUTOS = YES_AGGRESSIVE;
				GCC_WARN_UNUSED_FUNCTION = YES;
				GCC_WARN_UNUSED_VARIABLE = YES;
				IPHONEOS_DEPLOYMENT_TARGET = 12.1;
				MTL_ENABLE_DEBUG_INFO = NO;
				MTL_FAST_MATH = YES;
				SDKROOT = iphoneos;
				VALIDATE_PRODUCT = YES;
			};
			name = Release;
		};
		4F8CCD0C21C8CF62006100A4 /* Debug */ = {
			isa = XCBuildConfiguration;
			buildSettings = {
				ASSETCATALOG_COMPILER_APPICON_NAME = AppIcon;
				CODE_SIGN_STYLE = Automatic;
				DEVELOPMENT_TEAM = 53XMQ3SUNV;
				INFOPLIST_FILE = AutoLayout/Info.plist;
				LD_RUNPATH_SEARCH_PATHS = (
					"$(inherited)",
					"@executable_path/Frameworks",
				);
				PRODUCT_BUNDLE_IDENTIFIER = com.liukai.practice.AutoLayout;
				PRODUCT_NAME = "$(TARGET_NAME)";
				TARGETED_DEVICE_FAMILY = "1,2";
			};
			name = Debug;
		};
		4F8CCD0D21C8CF62006100A4 /* Release */ = {
			isa = XCBuildConfiguration;
			buildSettings = {
				ASSETCATALOG_COMPILER_APPICON_NAME = AppIcon;
				CODE_SIGN_STYLE = Automatic;
				DEVELOPMENT_TEAM = 53XMQ3SUNV;
				INFOPLIST_FILE = AutoLayout/Info.plist;
				LD_RUNPATH_SEARCH_PATHS = (
					"$(inherited)",
					"@executable_path/Frameworks",
				);
				PRODUCT_BUNDLE_IDENTIFIER = com.liukai.practice.AutoLayout;
				PRODUCT_NAME = "$(TARGET_NAME)";
				TARGETED_DEVICE_FAMILY = "1,2";
			};
			name = Release;
		};
		4F8CCD0F21C8CF62006100A4 /* Debug */ = {
			isa = XCBuildConfiguration;
			buildSettings = {
				BUNDLE_LOADER = "$(TEST_HOST)";
				CODE_SIGN_STYLE = Automatic;
				DEVELOPMENT_TEAM = 53XMQ3SUNV;
				INFOPLIST_FILE = AutoLayoutTests/Info.plist;
				LD_RUNPATH_SEARCH_PATHS = (
					"$(inherited)",
					"@executable_path/Frameworks",
					"@loader_path/Frameworks",
				);
				PRODUCT_BUNDLE_IDENTIFIER = com.liukai.practice.AutoLayoutTests;
				PRODUCT_NAME = "$(TARGET_NAME)";
				TARGETED_DEVICE_FAMILY = "1,2";
				TEST_HOST = "$(BUILT_PRODUCTS_DIR)/AutoLayout.app/AutoLayout";
			};
			name = Debug;
		};
		4F8CCD1021C8CF62006100A4 /* Release */ = {
			isa = XCBuildConfiguration;
			buildSettings = {
				BUNDLE_LOADER = "$(TEST_HOST)";
				CODE_SIGN_STYLE = Automatic;
				DEVELOPMENT_TEAM = 53XMQ3SUNV;
				INFOPLIST_FILE = AutoLayoutTests/Info.plist;
				LD_RUNPATH_SEARCH_PATHS = (
					"$(inherited)",
					"@executable_path/Frameworks",
					"@loader_path/Frameworks",
				);
				PRODUCT_BUNDLE_IDENTIFIER = com.liukai.practice.AutoLayoutTests;
				PRODUCT_NAME = "$(TARGET_NAME)";
				TARGETED_DEVICE_FAMILY = "1,2";
				TEST_HOST = "$(BUILT_PRODUCTS_DIR)/AutoLayout.app/AutoLayout";
			};
			name = Release;
		};
		4F8CCD1221C8CF62006100A4 /* Debug */ = {
			isa = XCBuildConfiguration;
			buildSettings = {
				CODE_SIGN_STYLE = Automatic;
				DEVELOPMENT_TEAM = 53XMQ3SUNV;
				INFOPLIST_FILE = AutoLayoutUITests/Info.plist;
				LD_RUNPATH_SEARCH_PATHS = (
					"$(inherited)",
					"@executable_path/Frameworks",
					"@loader_path/Frameworks",
				);
				PRODUCT_BUNDLE_IDENTIFIER = com.liukai.practice.AutoLayoutUITests;
				PRODUCT_NAME = "$(TARGET_NAME)";
				TARGETED_DEVICE_FAMILY = "1,2";
				TEST_TARGET_NAME = AutoLayout;
			};
			name = Debug;
		};
		4F8CCD1321C8CF62006100A4 /* Release */ = {
			isa = XCBuildConfiguration;
			buildSettings = {
				CODE_SIGN_STYLE = Automatic;
				DEVELOPMENT_TEAM = 53XMQ3SUNV;
				INFOPLIST_FILE = AutoLayoutUITests/Info.plist;
				LD_RUNPATH_SEARCH_PATHS = (
					"$(inherited)",
					"@executable_path/Frameworks",
					"@loader_path/Frameworks",
				);
				PRODUCT_BUNDLE_IDENTIFIER = com.liukai.practice.AutoLayoutUITests;
				PRODUCT_NAME = "$(TARGET_NAME)";
				TARGETED_DEVICE_FAMILY = "1,2";
				TEST_TARGET_NAME = AutoLayout;
			};
			name = Release;
		};
/* End XCBuildConfiguration section */

/* Begin XCConfigurationList section */
		4F8CCCDA21C8CF5F006100A4 /* Build configuration list for PBXProject "AutoLayout" */ = {
			isa = XCConfigurationList;
			buildConfigurations = (
				4F8CCD0921C8CF61006100A4 /* Debug */,
				4F8CCD0A21C8CF61006100A4 /* Release */,
			);
			defaultConfigurationIsVisible = 0;
			defaultConfigurationName = Release;
		};
		4F8CCD0B21C8CF62006100A4 /* Build configuration list for PBXNativeTarget "AutoLayout" */ = {
			isa = XCConfigurationList;
			buildConfigurations = (
				4F8CCD0C21C8CF62006100A4 /* Debug */,
				4F8CCD0D21C8CF62006100A4 /* Release */,
			);
			defaultConfigurationIsVisible = 0;
			defaultConfigurationName = Release;
		};
		4F8CCD0E21C8CF62006100A4 /* Build configuration list for PBXNativeTarget "AutoLayoutTests" */ = {
			isa = XCConfigurationList;
			buildConfigurations = (
				4F8CCD0F21C8CF62006100A4 /* Debug */,
				4F8CCD1021C8CF62006100A4 /* Release */,
			);
			defaultConfigurationIsVisible = 0;
			defaultConfigurationName = Release;
		};
		4F8CCD1121C8CF62006100A4 /* Build configuration list for PBXNativeTarget "AutoLayoutUITests" */ = {
			isa = XCConfigurationList;
			buildConfigurations = (
				4F8CCD1221C8CF62006100A4 /* Debug */,
				4F8CCD1321C8CF62006100A4 /* Release */,
			);
			defaultConfigurationIsVisible = 0;
			defaultConfigurationName = Release;
		};
/* End XCConfigurationList section */
	};
	rootObject = 4F8CCCD721C8CF5F006100A4 /* Project object */;
}
